// !$*UTF8*$!
{
	archiveVersion = 1;
	classes = {
	};
	objectVersion = 48;
	objects = {

/* Begin PBXBuildFile section */
		1B388746203043BC00834E18 /* TableViewController.swift in Sources */ = {isa = PBXBuildFile; fileRef = 1B388745203043BC00834E18 /* TableViewController.swift */; };
		1B3887482030702000834E18 /* String.swift in Sources */ = {isa = PBXBuildFile; fileRef = 1B3887472030702000834E18 /* String.swift */; };
		1B38874A2030790500834E18 /* morseCode.swift in Sources */ = {isa = PBXBuildFile; fileRef = 1B3887492030790500834E18 /* morseCode.swift */; };
		1B75DDFB202E1162001633D3 /* AppDelegate.swift in Sources */ = {isa = PBXBuildFile; fileRef = 1B75DDFA202E1162001633D3 /* AppDelegate.swift */; };
		1B75DDFD202E1162001633D3 /* ViewController.swift in Sources */ = {isa = PBXBuildFile; fileRef = 1B75DDFC202E1162001633D3 /* ViewController.swift */; };
		1B75DE00202E1162001633D3 /* Main.storyboard in Resources */ = {isa = PBXBuildFile; fileRef = 1B75DDFE202E1162001633D3 /* Main.storyboard */; };
		1B75DE02202E1162001633D3 /* Assets.xcassets in Resources */ = {isa = PBXBuildFile; fileRef = 1B75DE01202E1162001633D3 /* Assets.xcassets */; };
		1B75DE05202E1162001633D3 /* LaunchScreen.storyboard in Resources */ = {isa = PBXBuildFile; fileRef = 1B75DE03202E1162001633D3 /* LaunchScreen.storyboard */; };
/* End PBXBuildFile section */

/* Begin PBXContainerItemProxy section */
		1B75DE15202E161E001633D3 /* PBXContainerItemProxy */ = {
			isa = PBXContainerItemProxy;
			containerPortal = 1B75DDEF202E1161001633D3 /* Project object */;
			proxyType = 1;
			remoteGlobalIDString = 1B75DE0F202E161E001633D3;
			remoteInfo = Morse;
		};
/* End PBXContainerItemProxy section */

/* Begin PBXCopyFilesBuildPhase section */
		1B75DE1B202E161E001633D3 /* Embed App Extensions */ = {
			isa = PBXCopyFilesBuildPhase;
			buildActionMask = 2147483647;
			dstPath = "";
			dstSubfolderSpec = 13;
			files = (
			);
			name = "Embed App Extensions";
			runOnlyForDeploymentPostprocessing = 0;
		};
/* End PBXCopyFilesBuildPhase section */

/* Begin PBXFileReference section */
		1B388743203041E500834E18 /* GoMorse.app */ = {isa = PBXFileReference; explicitFileType = wrapper.application; includeInIndex = 0; name = GoMorse.app; path = "/Users/siddique/developer/GoMorse/GoMorse/build/Debug-iphoneos/GoMorse.app"; sourceTree = "<absolute>"; };
		1B388744203041E500834E18 /* Morse.appex */ = {isa = PBXFileReference; explicitFileType = "wrapper.app-extension"; includeInIndex = 0; name = Morse.appex; path = "/Users/siddique/developer/GoMorse/GoMorse/build/Debug-iphoneos/Morse.appex"; sourceTree = "<absolute>"; };
		1B388745203043BC00834E18 /* TableViewController.swift */ = {isa = PBXFileReference; lastKnownFileType = sourcecode.swift; path = TableViewController.swift; sourceTree = "<group>"; };
		1B3887472030702000834E18 /* String.swift */ = {isa = PBXFileReference; lastKnownFileType = sourcecode.swift; path = String.swift; sourceTree = "<group>"; };
		1B3887492030790500834E18 /* morseCode.swift */ = {isa = PBXFileReference; lastKnownFileType = sourcecode.swift; path = morseCode.swift; sourceTree = "<group>"; };
		1B75DDFA202E1162001633D3 /* AppDelegate.swift */ = {isa = PBXFileReference; lastKnownFileType = sourcecode.swift; path = AppDelegate.swift; sourceTree = "<group>"; };
		1B75DDFC202E1162001633D3 /* ViewController.swift */ = {isa = PBXFileReference; lastKnownFileType = sourcecode.swift; path = ViewController.swift; sourceTree = "<group>"; };
		1B75DDFF202E1162001633D3 /* Base */ = {isa = PBXFileReference; lastKnownFileType = file.storyboard; name = Base; path = Base.lproj/Main.storyboard; sourceTree = "<group>"; };
		1B75DE01202E1162001633D3 /* Assets.xcassets */ = {isa = PBXFileReference; lastKnownFileType = folder.assetcatalog; path = Assets.xcassets; sourceTree = "<group>"; };
		1B75DE04202E1162001633D3 /* Base */ = {isa = PBXFileReference; lastKnownFileType = file.storyboard; name = Base; path = Base.lproj/LaunchScreen.storyboard; sourceTree = "<group>"; };
		1B75DE06202E1162001633D3 /* Info.plist */ = {isa = PBXFileReference; lastKnownFileType = text.plist.xml; path = Info.plist; sourceTree = "<group>"; };
/* End PBXFileReference section */

/* Begin PBXFrameworksBuildPhase section */
		1B75DDF4202E1162001633D3 /* Frameworks */ = {
			isa = PBXFrameworksBuildPhase;
			buildActionMask = 2147483647;
			files = (
			);
			runOnlyForDeploymentPostprocessing = 0;
		};
		1B75DE0D202E161E001633D3 /* Frameworks */ = {
			isa = PBXFrameworksBuildPhase;
			buildActionMask = 2147483647;
			files = (
			);
			runOnlyForDeploymentPostprocessing = 0;
		};
/* End PBXFrameworksBuildPhase section */

/* Begin PBXGroup section */
		1B75DDEE202E1161001633D3 = {
			isa = PBXGroup;
			children = (
				1B75DDF9202E1162001633D3 /* GoMorse */,
			);
			sourceTree = "<group>";
		};
		1B75DDF9202E1162001633D3 /* GoMorse */ = {
			isa = PBXGroup;
			children = (
				1B75DDFA202E1162001633D3 /* AppDelegate.swift */,
				1B75DDFC202E1162001633D3 /* ViewController.swift */,
				1B3887492030790500834E18 /* morseCode.swift */,
				1B3887472030702000834E18 /* String.swift */,
				1B388745203043BC00834E18 /* TableViewController.swift */,
				1B75DDFE202E1162001633D3 /* Main.storyboard */,
				1B75DE01202E1162001633D3 /* Assets.xcassets */,
				1B75DE03202E1162001633D3 /* LaunchScreen.storyboard */,
				1B75DE06202E1162001633D3 /* Info.plist */,
			);
			path = GoMorse;
			sourceTree = "<group>";
		};
/* End PBXGroup section */

/* Begin PBXNativeTarget section */
		1B75DDF6202E1162001633D3 /* GoMorse */ = {
			isa = PBXNativeTarget;
			buildConfigurationList = 1B75DE09202E1162001633D3 /* Build configuration list for PBXNativeTarget "GoMorse" */;
			buildPhases = (
				1B75DDF3202E1162001633D3 /* Sources */,
				1B75DDF4202E1162001633D3 /* Frameworks */,
				1B75DDF5202E1162001633D3 /* Resources */,
				1B75DE1B202E161E001633D3 /* Embed App Extensions */,
			);
			buildRules = (
			);
			dependencies = (
				1B75DE16202E161E001633D3 /* PBXTargetDependency */,
			);
			name = GoMorse;
			productName = GoMorse;
			productReference = 1B388743203041E500834E18 /* GoMorse.app */;
			productType = "com.apple.product-type.application";
		};
		1B75DE0F202E161E001633D3 /* Morse */ = {
			isa = PBXNativeTarget;
			buildConfigurationList = 1B75DE18202E161E001633D3 /* Build configuration list for PBXNativeTarget "Morse" */;
			buildPhases = (
				1B75DE0C202E161E001633D3 /* Sources */,
				1B75DE0D202E161E001633D3 /* Frameworks */,
				1B75DE0E202E161E001633D3 /* Resources */,
			);
			buildRules = (
			);
			dependencies = (
			);
			name = Morse;
			productName = Morse;
			productReference = 1B388744203041E500834E18 /* Morse.appex */;
			productType = "com.apple.product-type.app-extension";
		};
/* End PBXNativeTarget section */

/* Begin PBXProject section */
		1B75DDEF202E1161001633D3 /* Project object */ = {
			isa = PBXProject;
			attributes = {
				LastSwiftUpdateCheck = 0920;
				LastUpgradeCheck = 0920;
				ORGANIZATIONNAME = Siddique;
				TargetAttributes = {
					1B75DDF6202E1162001633D3 = {
						CreatedOnToolsVersion = 9.2;
						ProvisioningStyle = Automatic;
					};
					1B75DE0F202E161E001633D3 = {
						CreatedOnToolsVersion = 9.2;
						ProvisioningStyle = Automatic;
					};
				};
			};
			buildConfigurationList = 1B75DDF2202E1161001633D3 /* Build configuration list for PBXProject "GoMorse" */;
			compatibilityVersion = "Xcode 8.0";
			developmentRegion = en;
			hasScannedForEncodings = 0;
			knownRegions = (
				en,
				Base,
			);
			mainGroup = 1B75DDEE202E1161001633D3;
			productRefGroup = 1B75DDEE202E1161001633D3;
			projectDirPath = "";
			projectRoot = "";
			targets = (
				1B75DDF6202E1162001633D3 /* GoMorse */,
				1B75DE0F202E161E001633D3 /* Morse */,
			);
		};
/* End PBXProject section */

/* Begin PBXResourcesBuildPhase section */
		1B75DDF5202E1162001633D3 /* Resources */ = {
			isa = PBXResourcesBuildPhase;
			buildActionMask = 2147483647;
			files = (
				1B75DE05202E1162001633D3 /* LaunchScreen.storyboard in Resources */,
				1B75DE02202E1162001633D3 /* Assets.xcassets in Resources */,
				1B75DE00202E1162001633D3 /* Main.storyboard in Resources */,
			);
			runOnlyForDeploymentPostprocessing = 0;
		};
		1B75DE0E202E161E001633D3 /* Resources */ = {
			isa = PBXResourcesBuildPhase;
			buildActionMask = 2147483647;
			files = (
			);
			runOnlyForDeploymentPostprocessing = 0;
		};
/* End PBXResourcesBuildPhase section */

/* Begin PBXSourcesBuildPhase section */
		1B75DDF3202E1162001633D3 /* Sources */ = {
			isa = PBXSourcesBuildPhase;
			buildActionMask = 2147483647;
			files = (
				1B75DDFD202E1162001633D3 /* ViewController.swift in Sources */,
				1B38874A2030790500834E18 /* morseCode.swift in Sources */,
				1B75DDFB202E1162001633D3 /* AppDelegate.swift in Sources */,
				1B3887482030702000834E18 /* String.swift in Sources */,
				1B388746203043BC00834E18 /* TableViewController.swift in Sources */,
			);
			runOnlyForDeploymentPostprocessing = 0;
		};
		1B75DE0C202E161E001633D3 /* Sources */ = {
			isa = PBXSourcesBuildPhase;
			buildActionMask = 2147483647;
			files = (
			);
			runOnlyForDeploymentPostprocessing = 0;
		};
/* End PBXSourcesBuildPhase section */

/* Begin PBXTargetDependency section */
		1B75DE16202E161E001633D3 /* PBXTargetDependency */ = {
			isa = PBXTargetDependency;
			target = 1B75DE0F202E161E001633D3 /* Morse */;
			targetProxy = 1B75DE15202E161E001633D3 /* PBXContainerItemProxy */;
		};
/* End PBXTargetDependency section */

/* Begin PBXVariantGroup section */
		1B75DDFE202E1162001633D3 /* Main.storyboard */ = {
			isa = PBXVariantGroup;
			children = (
				1B75DDFF202E1162001633D3 /* Base */,
			);
			name = Main.storyboard;
			sourceTree = "<group>";
		};
		1B75DE03202E1162001633D3 /* LaunchScreen.storyboard */ = {
			isa = PBXVariantGroup;
			children = (
				1B75DE04202E1162001633D3 /* Base */,
			);
			name = LaunchScreen.storyboard;
			sourceTree = "<group>";
		};
/* End PBXVariantGroup section */

/* Begin XCBuildConfiguration section */
		1B75DE07202E1162001633D3 /* Debug */ = {
			isa = XCBuildConfiguration;
			buildSettings = {
				ALWAYS_SEARCH_USER_PATHS = NO;
				CLANG_ANALYZER_NONNULL = YES;
				CLANG_ANALYZER_NUMBER_OBJECT_CONVERSION = YES_AGGRESSIVE;
				CLANG_CXX_LANGUAGE_STANDARD = "gnu++14";
				CLANG_CXX_LIBRARY = "libc++";
				CLANG_ENABLE_MODULES = YES;
				CLANG_ENABLE_OBJC_ARC = YES;
				CLANG_WARN_BLOCK_CAPTURE_AUTORELEASING = YES;
				CLANG_WARN_BOOL_CONVERSION = YES;
				CLANG_WARN_COMMA = YES;
				CLANG_WARN_CONSTANT_CONVERSION = YES;
				CLANG_WARN_DIRECT_OBJC_ISA_USAGE = YES_ERROR;
				CLANG_WARN_DOCUMENTATION_COMMENTS = YES;
				CLANG_WARN_EMPTY_BODY = YES;
				CLANG_WARN_ENUM_CONVERSION = YES;
				CLANG_WARN_INFINITE_RECURSION = YES;
				CLANG_WARN_INT_CONVERSION = YES;
				CLANG_WARN_NON_LITERAL_NULL_CONVERSION = YES;
				CLANG_WARN_OBJC_LITERAL_CONVERSION = YES;
				CLANG_WARN_OBJC_ROOT_CLASS = YES_ERROR;
				CLANG_WARN_RANGE_LOOP_ANALYSIS = YES;
				CLANG_WARN_STRICT_PROTOTYPES = YES;
				CLANG_WARN_SUSPICIOUS_MOVE = YES;
				CLANG_WARN_UNGUARDED_AVAILABILITY = YES_AGGRESSIVE;
				CLANG_WARN_UNREACHABLE_CODE = YES;
				CLANG_WARN__DUPLICATE_METHOD_MATCH = YES;
				CODE_SIGN_IDENTITY = "iPhone Developer";
				COPY_PHASE_STRIP = NO;
				DEBUG_INFORMATION_FORMAT = dwarf;
				ENABLE_STRICT_OBJC_MSGSEND = YES;
				ENABLE_TESTABILITY = YES;
				GCC_C_LANGUAGE_STANDARD = gnu11;
				GCC_DYNAMIC_NO_PIC = NO;
				GCC_NO_COMMON_BLOCKS = YES;
				GCC_OPTIMIZATION_LEVEL = 0;
				GCC_PREPROCESSOR_DEFINITIONS = (
					"DEBUG=1",
					"$(inherited)",
				);
				GCC_WARN_64_TO_32_BIT_CONVERSION = YES;
				GCC_WARN_ABOUT_RETURN_TYPE = YES_ERROR;
				GCC_WARN_UNDECLARED_SELECTOR = YES;
				GCC_WARN_UNINITIALIZED_AUTOS = YES_AGGRESSIVE;
				GCC_WARN_UNUSED_FUNCTION = YES;
				GCC_WARN_UNUSED_VARIABLE = YES;
				IPHONEOS_DEPLOYMENT_TARGET = 11.2;
				MTL_ENABLE_DEBUG_INFO = YES;
				ONLY_ACTIVE_ARCH = YES;
				SDKROOT = iphoneos;
				SWIFT_ACTIVE_COMPILATION_CONDITIONS = DEBUG;
				SWIFT_OPTIMIZATION_LEVEL = "-Onone";
			};
			name = Debug;
		};
		1B75DE08202E1162001633D3 /* Release */ = {
			isa = XCBuildConfiguration;
			buildSettings = {
				ALWAYS_SEARCH_USER_PATHS = NO;
				CLANG_ANALYZER_NONNULL = YES;
				CLANG_ANALYZER_NUMBER_OBJECT_CONVERSION = YES_AGGRESSIVE;
				CLANG_CXX_LANGUAGE_STANDARD = "gnu++14";
				CLANG_CXX_LIBRARY = "libc++";
				CLANG_ENABLE_MODULES = YES;
				CLANG_ENABLE_OBJC_ARC = YES;
				CLANG_WARN_BLOCK_CAPTURE_AUTORELEASING = YES;
				CLANG_WARN_BOOL_CONVERSION = YES;
				CLANG_WARN_COMMA = YES;
				CLANG_WARN_CONSTANT_CONVERSION = YES;
				CLANG_WARN_DIRECT_OBJC_ISA_USAGE = YES_ERROR;
				CLANG_WARN_DOCUMENTATION_COMMENTS = YES;
				CLANG_WARN_EMPTY_BODY = YES;
				CLANG_WARN_ENUM_CONVERSION = YES;
				CLANG_WARN_INFINITE_RECURSION = YES;
				CLANG_WARN_INT_CONVERSION = YES;
				CLANG_WARN_NON_LITERAL_NULL_CONVERSION = YES;
				CLANG_WARN_OBJC_LITERAL_CONVERSION = YES;
				CLANG_WARN_OBJC_ROOT_CLASS = YES_ERROR;
				CLANG_WARN_RANGE_LOOP_ANALYSIS = YES;
				CLANG_WARN_STRICT_PROTOTYPES = YES;
				CLANG_WARN_SUSPICIOUS_MOVE = YES;
				CLANG_WARN_UNGUARDED_AVAILABILITY = YES_AGGRESSIVE;
				CLANG_WARN_UNREACHABLE_CODE = YES;
				CLANG_WARN__DUPLICATE_METHOD_MATCH = YES;
				CODE_SIGN_IDENTITY = "iPhone Developer";
				COPY_PHASE_STRIP = NO;
				DEBUG_INFORMATION_FORMAT = "dwarf-with-dsym";
				ENABLE_NS_ASSERTIONS = NO;
				ENABLE_STRICT_OBJC_MSGSEND = YES;
				GCC_C_LANGUAGE_STANDARD = gnu11;
				GCC_NO_COMMON_BLOCKS = YES;
				GCC_WARN_64_TO_32_BIT_CONVERSION = YES;
				GCC_WARN_ABOUT_RETURN_TYPE = YES_ERROR;
				GCC_WARN_UNDECLARED_SELECTOR = YES;
				GCC_WARN_UNINITIALIZED_AUTOS = YES_AGGRESSIVE;
				GCC_WARN_UNUSED_FUNCTION = YES;
				GCC_WARN_UNUSED_VARIABLE = YES;
				IPHONEOS_DEPLOYMENT_TARGET = 11.2;
				MTL_ENABLE_DEBUG_INFO = NO;
				SDKROOT = iphoneos;
				SWIFT_OPTIMIZATION_LEVEL = "-Owholemodule";
				VALIDATE_PRODUCT = YES;
			};
			name = Release;
		};
		1B75DE0A202E1162001633D3 /* Debug */ = {
			isa = XCBuildConfiguration;
			buildSettings = {
				ASSETCATALOG_COMPILER_APPICON_NAME = AppIcon;
				CODE_SIGN_STYLE = Automatic;
				DEVELOPMENT_TEAM = AREZX5EZP6;
				INFOPLIST_FILE = GoMorse/Info.plist;
				LD_RUNPATH_SEARCH_PATHS = "$(inherited) @executable_path/Frameworks";
				PRODUCT_BUNDLE_IDENTIFIER = com.siddique.GoMorse;
				PRODUCT_NAME = "$(TARGET_NAME)";
				SWIFT_VERSION = 4.0;
				TARGETED_DEVICE_FAMILY = "1,2";
			};
			name = Debug;
		};
		1B75DE0B202E1162001633D3 /* Release */ = {
			isa = XCBuildConfiguration;
			buildSettings = {
				ASSETCATALOG_COMPILER_APPICON_NAME = AppIcon;
				CODE_SIGN_STYLE = Automatic;
				DEVELOPMENT_TEAM = AREZX5EZP6;
				INFOPLIST_FILE = GoMorse/Info.plist;
				LD_RUNPATH_SEARCH_PATHS = "$(inherited) @executable_path/Frameworks";
				PRODUCT_BUNDLE_IDENTIFIER = com.siddique.GoMorse;
				PRODUCT_NAME = "$(TARGET_NAME)";
				SWIFT_VERSION = 4.0;
				TARGETED_DEVICE_FAMILY = "1,2";
			};
			name = Release;
		};
		1B75DE19202E161E001633D3 /* Debug */ = {
			isa = XCBuildConfiguration;
			buildSettings = {
				CODE_SIGN_STYLE = Automatic;
				DEVELOPMENT_TEAM = AREZX5EZP6;
				INFOPLIST_FILE = Morse/Info.plist;
				LD_RUNPATH_SEARCH_PATHS = "$(inherited) @executable_path/Frameworks @executable_path/../../Frameworks";
				PRODUCT_BUNDLE_IDENTIFIER = com.siddique.GoMorse.Morse;
				PRODUCT_NAME = "$(TARGET_NAME)";
				SKIP_INSTALL = YES;
				SWIFT_VERSION = 4.0;
				TARGETED_DEVICE_FAMILY = "1,2";
			};
			name = Debug;
		};
		1B75DE1A202E161E001633D3 /* Release */ = {
			isa = XCBuildConfiguration;
			buildSettings = {
				CODE_SIGN_STYLE = Automatic;
				DEVELOPMENT_TEAM = AREZX5EZP6;
				INFOPLIST_FILE = Morse/Info.plist;
				LD_RUNPATH_SEARCH_PATHS = "$(inherited) @executable_path/Frameworks @executable_path/../../Frameworks";
				PRODUCT_BUNDLE_IDENTIFIER = com.siddique.GoMorse.Morse;
				PRODUCT_NAME = "$(TARGET_NAME)";
				SKIP_INSTALL = YES;
				SWIFT_VERSION = 4.0;
				TARGETED_DEVICE_FAMILY = "1,2";
			};
			name = Release;
		};
/* End XCBuildConfiguration section */

/* Begin XCConfigurationList section */
		1B75DDF2202E1161001633D3 /* Build configuration list for PBXProject "GoMorse" */ = {
			isa = XCConfigurationList;
			buildConfigurations = (
				1B75DE07202E1162001633D3 /* Debug */,
				1B75DE08202E1162001633D3 /* Release */,
			);
			defaultConfigurationIsVisible = 0;
			defaultConfigurationName = Release;
		};
		1B75DE09202E1162001633D3 /* Build configuration list for PBXNativeTarget "GoMorse" */ = {
			isa = XCConfigurationList;
			buildConfigurations = (
				1B75DE0A202E1162001633D3 /* Debug */,
				1B75DE0B202E1162001633D3 /* Release */,
			);
			defaultConfigurationIsVisible = 0;
			defaultConfigurationName = Release;
		};
		1B75DE18202E161E001633D3 /* Build configuration list for PBXNativeTarget "Morse" */ = {
			isa = XCConfigurationList;
			buildConfigurations = (
				1B75DE19202E161E001633D3 /* Debug */,
				1B75DE1A202E161E001633D3 /* Release */,
			);
			defaultConfigurationIsVisible = 0;
			defaultConfigurationName = Release;
		};
/* End XCConfigurationList section */
	};
	rootObject = 1B75DDEF202E1161001633D3 /* Project object */;
}
